
Microsoft Visual Studio Solution File, Format Version 12.00
# Visual Studio Version 16
VisualStudioVersion = 16.0.29509.3
MinimumVisualStudioVersion = 10.0.40219.1
Project("{FAE04EC0-301F-11D3-BF4B-00C04F79EFBC}") = "SandysBakery", "SandysBakery\SandysBakery.csproj", "{90E92A49-A4B5-4115-9417-68D83E8EB0A7}"
EndProject
Global
	GlobalSection(SolutionConfigurationPlatforms) = preSolution
		Debug|Any CPU = Debug|Any CPU
		Release|Any CPU = Release|Any CPU
	EndGlobalSection
	GlobalSection(ProjectConfigurationPlatforms) = postSolution
		{90E92A49-A4B5-4115-9417-68D83E8EB0A7}.Debug|Any CPU.ActiveCfg = Debug|Any CPU
		{90E92A49-A4B5-4115-9417-68D83E8EB0A7}.Debug|Any CPU.Build.0 = Debug|Any CPU
		{90E92A49-A4B5-4115-9417-68D83E8EB0A7}.Release|Any CPU.ActiveCfg = Release|Any CPU
		{90E92A49-A4B5-4115-9417-68D83E8EB0A7}.Release|Any CPU.Build.0 = Release|Any CPU
	EndGlobalSection
	GlobalSection(SolutionProperties) = preSolution
		HideSolutionNode = FALSE
	EndGlobalSection
	GlobalSection(ExtensibilityGlobals) = postSolution
		SolutionGuid = {9396B528-D43B-44F6-A5AC-9BB2B020CBAA}
	EndGlobalSection
EndGlobal
